
Microsoft Visual Studio Solution File, Format Version 12.00
# Visual Studio Version 16
VisualStudioVersion = 16.0.32126.315
MinimumVisualStudioVersion = 10.0.40219.1
Project("{FAE04EC0-301F-11D3-BF4B-00C04F79EFBC}") = "openweathermapAPI", "openweathermapAPI\openweathermapAPI.csproj", "{196E4B5D-C5DB-4B7A-B637-7F32B3C4DC61}"
EndProject
Global
	GlobalSection(SolutionConfigurationPlatforms) = preSolution
		Debug|Any CPU = Debug|Any CPU
		Release|Any CPU = Release|Any CPU
	EndGlobalSection
	GlobalSection(ProjectConfigurationPlatforms) = postSolution
		{196E4B5D-C5DB-4B7A-B637-7F32B3C4DC61}.Debug|Any CPU.ActiveCfg = Debug|Any CPU
		{196E4B5D-C5DB-4B7A-B637-7F32B3C4DC61}.Debug|Any CPU.Build.0 = Debug|Any CPU
		{196E4B5D-C5DB-4B7A-B637-7F32B3C4DC61}.Release|Any CPU.ActiveCfg = Release|Any CPU
		{196E4B5D-C5DB-4B7A-B637-7F32B3C4DC61}.Release|Any CPU.Build.0 = Release|Any CPU
	EndGlobalSection
	GlobalSection(SolutionProperties) = preSolution
		HideSolutionNode = FALSE
	EndGlobalSection
	GlobalSection(ExtensibilityGlobals) = postSolution
		SolutionGuid = {0E024F0B-3F11-4A56-960F-DEB691851460}
	EndGlobalSection
EndGlobal
